
Microsoft Visual Studio Solution File, Format Version 12.00
# Visual Studio Version 17
VisualStudioVersion = 17.4.33122.133
MinimumVisualStudioVersion = 10.0.40219.1
Project("{FAE04EC0-301F-11D3-BF4B-00C04F79EFBC}") = "BlazorApp-empty1", "BlazorApp-empty1\BlazorApp-empty1.csproj", "{7505F7F7-39AD-4B8A-A48B-49CE53EBD8A6}"
EndProject
Global
	GlobalSection(SolutionConfigurationPlatforms) = preSolution
		Debug|Any CPU = Debug|Any CPU
		Release|Any CPU = Release|Any CPU
	EndGlobalSection
	GlobalSection(ProjectConfigurationPlatforms) = postSolution
		{7505F7F7-39AD-4B8A-A48B-49CE53EBD8A6}.Debug|Any CPU.ActiveCfg = Debug|Any CPU
		{7505F7F7-39AD-4B8A-A48B-49CE53EBD8A6}.Debug|Any CPU.Build.0 = Debug|Any CPU
		{7505F7F7-39AD-4B8A-A48B-49CE53EBD8A6}.Release|Any CPU.ActiveCfg = Release|Any CPU
		{7505F7F7-39AD-4B8A-A48B-49CE53EBD8A6}.Release|Any CPU.Build.0 = Release|Any CPU
	EndGlobalSection
	GlobalSection(SolutionProperties) = preSolution
		HideSolutionNode = FALSE
	EndGlobalSection
	GlobalSection(ExtensibilityGlobals) = postSolution
		SolutionGuid = {BB848418-2929-4F47-AEB4-EB570CC00BE5}
	EndGlobalSection
EndGlobal
